# THIS IS AN AUTOGENERATED FILE. DO NOT EDIT THIS FILE DIRECTLY.
# yarn lockfile v1


pdf.js-extract@^0.1.5:
  version "0.1.5"
  resolved "https://registry.yarnpkg.com/pdf.js-extract/-/pdf.js-extract-0.1.5.tgz#0e8652c1aefcef08e91a9f1b3c691ea43d219bf7"
  integrity sha512-ZnudGaH5Q41FMeGKgOOCMO6Ybluxc87lB0shYYx0FliKHQLSs7YrXx6ZOu7oC+ZePyMQnTOtBK65dW0aawmB/Q==
